
Microsoft Visual Studio Solution File, Format Version 12.00
# Visual Studio 15
VisualStudioVersion = 15.0.28010.2026
MinimumVisualStudioVersion = 10.0.40219.1
Project("{E24C65DC-7377-472B-9ABA-BC803B73C61A}") = "PhongChat", ".", "{6AEF3264-1A2F-4E14-9C79-0EC4B3AB51EA}"
	ProjectSection(WebsiteProperties) = preProject
		TargetFrameworkMoniker = ".NETFramework,Version%3Dv2.0"
		Debug.AspNetCompiler.VirtualPath = "/localhost_56705"
		Debug.AspNetCompiler.PhysicalPath = "..\..\..\..\..\Workshop\BaiTapLon\DucAnh06b1\PhongChat\"
		Debug.AspNetCompiler.TargetPath = "PrecompiledWeb\localhost_56705\"
		Debug.AspNetCompiler.Updateable = "true"
		Debug.AspNetCompiler.ForceOverwrite = "true"
		Debug.AspNetCompiler.FixedNames = "false"
		Debug.AspNetCompiler.Debug = "True"
		Release.AspNetCompiler.VirtualPath = "/localhost_56705"
		Release.AspNetCompiler.PhysicalPath = "..\..\..\..\..\Workshop\BaiTapLon\DucAnh06b1\PhongChat\"
		Release.AspNetCompiler.TargetPath = "PrecompiledWeb\localhost_56705\"
		Release.AspNetCompiler.Updateable = "true"
		Release.AspNetCompiler.ForceOverwrite = "true"
		Release.AspNetCompiler.FixedNames = "false"
		Release.AspNetCompiler.Debug = "False"
		VWDPort = "56705"
	EndProjectSection
EndProject
Global
	GlobalSection(SolutionConfigurationPlatforms) = preSolution
		Debug|Any CPU = Debug|Any CPU
	EndGlobalSection
	GlobalSection(ProjectConfigurationPlatforms) = postSolution
		{6AEF3264-1A2F-4E14-9C79-0EC4B3AB51EA}.Debug|Any CPU.ActiveCfg = Debug|Any CPU
		{6AEF3264-1A2F-4E14-9C79-0EC4B3AB51EA}.Debug|Any CPU.Build.0 = Debug|Any CPU
	EndGlobalSection
	GlobalSection(SolutionProperties) = preSolution
		HideSolutionNode = FALSE
	EndGlobalSection
	GlobalSection(ExtensibilityGlobals) = postSolution
		SolutionGuid = {5CC24627-AE4E-415F-8C7E-4DDA2D8A42DD}
	EndGlobalSection
EndGlobal
